// !$*UTF8*$!
{
	archiveVersion = 1;
	classes = {
	};
	objectVersion = 56;
	objects = {

/* Begin PBXBuildFile section */
		33893552938642C5DBE4F698 /* Pods_iOS_Twitter.framework in Frameworks */ = {isa = PBXBuildFile; fileRef = 573DD5ECF5A63C849508022A /* Pods_iOS_Twitter.framework */; };
		6459191C2A5E9DF900509B67 /* AppDelegate.swift in Sources */ = {isa = PBXBuildFile; fileRef = 6459191B2A5E9DF900509B67 /* AppDelegate.swift */; };
		6459191E2A5E9DF900509B67 /* SceneDelegate.swift in Sources */ = {isa = PBXBuildFile; fileRef = 6459191D2A5E9DF900509B67 /* SceneDelegate.swift */; };
		645919232A5E9DF900509B67 /* Main.storyboard in Resources */ = {isa = PBXBuildFile; fileRef = 645919212A5E9DF900509B67 /* Main.storyboard */; };
		645919262A5E9DF900509B67 /* iOS_Twitter.xcdatamodeld in Sources */ = {isa = PBXBuildFile; fileRef = 645919242A5E9DF900509B67 /* iOS_Twitter.xcdatamodeld */; };
		645919282A5E9DFB00509B67 /* Assets.xcassets in Resources */ = {isa = PBXBuildFile; fileRef = 645919272A5E9DFB00509B67 /* Assets.xcassets */; };
		6459192B2A5E9DFB00509B67 /* LaunchScreen.storyboard in Resources */ = {isa = PBXBuildFile; fileRef = 645919292A5E9DFB00509B67 /* LaunchScreen.storyboard */; };
		645919482A5E9FBC00509B67 /* MainTabController.swift in Sources */ = {isa = PBXBuildFile; fileRef = 645919472A5E9FBC00509B67 /* MainTabController.swift */; };
		6459194A2A5E9FE600509B67 /* FeedController.swift in Sources */ = {isa = PBXBuildFile; fileRef = 645919492A5E9FE600509B67 /* FeedController.swift */; };
		6459194C2A5E9FFD00509B67 /* ExploreController.swift in Sources */ = {isa = PBXBuildFile; fileRef = 6459194B2A5E9FFD00509B67 /* ExploreController.swift */; };
		6459194E2A5EA00F00509B67 /* NotificationsController.swift in Sources */ = {isa = PBXBuildFile; fileRef = 6459194D2A5EA00F00509B67 /* NotificationsController.swift */; };
		645919502A5EA02400509B67 /* ConversationsController.swift in Sources */ = {isa = PBXBuildFile; fileRef = 6459194F2A5EA02400509B67 /* ConversationsController.swift */; };
		645919522A5EA54100509B67 /* Extensions.swift in Sources */ = {isa = PBXBuildFile; fileRef = 645919512A5EA54100509B67 /* Extensions.swift */; };
		645919552A5EE3F000509B67 /* LoginController.swift in Sources */ = {isa = PBXBuildFile; fileRef = 645919542A5EE3F000509B67 /* LoginController.swift */; };
		645919572A5EE4CF00509B67 /* RegistrationController.swift in Sources */ = {isa = PBXBuildFile; fileRef = 645919562A5EE4CF00509B67 /* RegistrationController.swift */; };
		645919592A5EF48D00509B67 /* Utilities.swift in Sources */ = {isa = PBXBuildFile; fileRef = 645919582A5EF48D00509B67 /* Utilities.swift */; };
		6459195D2A61729700509B67 /* GoogleService-Info.plist in Resources */ = {isa = PBXBuildFile; fileRef = 6459195C2A61729700509B67 /* GoogleService-Info.plist */; };
		6459195F2A65236A00509B67 /* Constants.swift in Sources */ = {isa = PBXBuildFile; fileRef = 6459195E2A65236A00509B67 /* Constants.swift */; };
		645919612A665F8700509B67 /* AuthService.swift in Sources */ = {isa = PBXBuildFile; fileRef = 645919602A665F8700509B67 /* AuthService.swift */; };
		645919632A66A8AE00509B67 /* UserService.swift in Sources */ = {isa = PBXBuildFile; fileRef = 645919622A66A8AE00509B67 /* UserService.swift */; };
		645919652A66B23900509B67 /* User.swift in Sources */ = {isa = PBXBuildFile; fileRef = 645919642A66B23900509B67 /* User.swift */; };
		645919672A69056100509B67 /* UploadTweetController.swift in Sources */ = {isa = PBXBuildFile; fileRef = 645919662A69056100509B67 /* UploadTweetController.swift */; };
		645B5EC72A6E434400FDF3DA /* TweetCell.swift in Sources */ = {isa = PBXBuildFile; fileRef = 645B5EC52A6E434400FDF3DA /* TweetCell.swift */; };
		645B5EC82A6E434400FDF3DA /* CaptionTextView.swift in Sources */ = {isa = PBXBuildFile; fileRef = 645B5EC62A6E434400FDF3DA /* CaptionTextView.swift */; };
		645B5ED22A6E527600FDF3DA /* TweetViewModel.swift in Sources */ = {isa = PBXBuildFile; fileRef = 645B5ED12A6E527600FDF3DA /* TweetViewModel.swift */; };
		645B5ED42A6E571600FDF3DA /* ProfileController.swift in Sources */ = {isa = PBXBuildFile; fileRef = 645B5ED32A6E571600FDF3DA /* ProfileController.swift */; };
		645B5ED62A6E64CF00FDF3DA /* ProfileHeader.swift in Sources */ = {isa = PBXBuildFile; fileRef = 645B5ED52A6E64CF00FDF3DA /* ProfileHeader.swift */; };
		645B5ED82A6EA3C000FDF3DA /* ProfileFilterView.swift in Sources */ = {isa = PBXBuildFile; fileRef = 645B5ED72A6EA3C000FDF3DA /* ProfileFilterView.swift */; };
		645B5EDA2A6F9DF300FDF3DA /* ProfileFilterCell.swift in Sources */ = {isa = PBXBuildFile; fileRef = 645B5ED92A6F9DF300FDF3DA /* ProfileFilterCell.swift */; };
		645B5EDC2A6FB9FE00FDF3DA /* ProfileHeaderViewModel.swift in Sources */ = {isa = PBXBuildFile; fileRef = 645B5EDB2A6FB9FE00FDF3DA /* ProfileHeaderViewModel.swift */; };
		645B5F382A79032100FDF3DA /* UserCell.swift in Sources */ = {isa = PBXBuildFile; fileRef = 645B5F372A79032100FDF3DA /* UserCell.swift */; };
		645C51EC2A6E3D330061CB10 /* Tweet.swift in Sources */ = {isa = PBXBuildFile; fileRef = 645C51EB2A6E3D330061CB10 /* Tweet.swift */; };
		645C51EE2A6E3DA70061CB10 /* TweetService.swift in Sources */ = {isa = PBXBuildFile; fileRef = 645C51ED2A6E3DA70061CB10 /* TweetService.swift */; };
		6499AAD42A7D22B500F7C90C /* TweetController.swift in Sources */ = {isa = PBXBuildFile; fileRef = 6499AAD32A7D22B500F7C90C /* TweetController.swift */; };
		6499AAD62A7D51AD00F7C90C /* TweetHeader.swift in Sources */ = {isa = PBXBuildFile; fileRef = 6499AAD52A7D51AD00F7C90C /* TweetHeader.swift */; };
		6499AAD82A80CAEA00F7C90C /* UploadTweetViewModel.swift in Sources */ = {isa = PBXBuildFile; fileRef = 6499AAD72A80CAEA00F7C90C /* UploadTweetViewModel.swift */; };
		6499AAE62A81FE8E00F7C90C /* ActionSheetLauncher.swift in Sources */ = {isa = PBXBuildFile; fileRef = 6499AAE52A81FE8E00F7C90C /* ActionSheetLauncher.swift */; };
		6499AAE82A820D7900F7C90C /* ActionSheetCell.swift in Sources */ = {isa = PBXBuildFile; fileRef = 6499AAE72A820D7900F7C90C /* ActionSheetCell.swift */; };
		6499AAEA2A82151F00F7C90C /* ActionSheetViewModel.swift in Sources */ = {isa = PBXBuildFile; fileRef = 6499AAE92A82151F00F7C90C /* ActionSheetViewModel.swift */; };
/* End PBXBuildFile section */

/* Begin PBXFileReference section */
		573DD5ECF5A63C849508022A /* Pods_iOS_Twitter.framework */ = {isa = PBXFileReference; explicitFileType = wrapper.framework; includeInIndex = 0; path = Pods_iOS_Twitter.framework; sourceTree = BUILT_PRODUCTS_DIR; };
		645919182A5E9DF900509B67 /* iOS_Twitter.app */ = {isa = PBXFileReference; explicitFileType = wrapper.application; includeInIndex = 0; path = iOS_Twitter.app; sourceTree = BUILT_PRODUCTS_DIR; };
		6459191B2A5E9DF900509B67 /* AppDelegate.swift */ = {isa = PBXFileReference; lastKnownFileType = sourcecode.swift; path = AppDelegate.swift; sourceTree = "<group>"; };
		6459191D2A5E9DF900509B67 /* SceneDelegate.swift */ = {isa = PBXFileReference; lastKnownFileType = sourcecode.swift; path = SceneDelegate.swift; sourceTree = "<group>"; };
		645919222A5E9DF900509B67 /* Base */ = {isa = PBXFileReference; lastKnownFileType = file.storyboard; name = Base; path = Base.lproj/Main.storyboard; sourceTree = "<group>"; };
		645919252A5E9DF900509B67 /* iOS_Twitter.xcdatamodel */ = {isa = PBXFileReference; lastKnownFileType = wrapper.xcdatamodel; path = iOS_Twitter.xcdatamodel; sourceTree = "<group>"; };
		645919272A5E9DFB00509B67 /* Assets.xcassets */ = {isa = PBXFileReference; lastKnownFileType = folder.assetcatalog; path = Assets.xcassets; sourceTree = "<group>"; };
		6459192A2A5E9DFB00509B67 /* Base */ = {isa = PBXFileReference; lastKnownFileType = file.storyboard; name = Base; path = Base.lproj/LaunchScreen.storyboard; sourceTree = "<group>"; };
		6459192C2A5E9DFB00509B67 /* Info.plist */ = {isa = PBXFileReference; lastKnownFileType = text.plist.xml; path = Info.plist; sourceTree = "<group>"; };
		645919472A5E9FBC00509B67 /* MainTabController.swift */ = {isa = PBXFileReference; lastKnownFileType = sourcecode.swift; path = MainTabController.swift; sourceTree = "<group>"; };
		645919492A5E9FE600509B67 /* FeedController.swift */ = {isa = PBXFileReference; lastKnownFileType = sourcecode.swift; path = FeedController.swift; sourceTree = "<group>"; };
		6459194B2A5E9FFD00509B67 /* ExploreController.swift */ = {isa = PBXFileReference; lastKnownFileType = sourcecode.swift; path = ExploreController.swift; sourceTree = "<group>"; };
		6459194D2A5EA00F00509B67 /* NotificationsController.swift */ = {isa = PBXFileReference; lastKnownFileType = sourcecode.swift; path = NotificationsController.swift; sourceTree = "<group>"; };
		6459194F2A5EA02400509B67 /* ConversationsController.swift */ = {isa = PBXFileReference; lastKnownFileType = sourcecode.swift; path = ConversationsController.swift; sourceTree = "<group>"; };
		645919512A5EA54100509B67 /* Extensions.swift */ = {isa = PBXFileReference; fileEncoding = 4; lastKnownFileType = sourcecode.swift; path = Extensions.swift; sourceTree = "<group>"; };
		645919542A5EE3F000509B67 /* LoginController.swift */ = {isa = PBXFileReference; lastKnownFileType = sourcecode.swift; path = LoginController.swift; sourceTree = "<group>"; };
		645919562A5EE4CF00509B67 /* RegistrationController.swift */ = {isa = PBXFileReference; lastKnownFileType = sourcecode.swift; path = RegistrationController.swift; sourceTree = "<group>"; };
		645919582A5EF48D00509B67 /* Utilities.swift */ = {isa = PBXFileReference; lastKnownFileType = sourcecode.swift; path = Utilities.swift; sourceTree = "<group>"; };
		6459195C2A61729700509B67 /* GoogleService-Info.plist */ = {isa = PBXFileReference; lastKnownFileType = text.plist; path = "GoogleService-Info.plist"; sourceTree = SOURCE_ROOT; };
		6459195E2A65236A00509B67 /* Constants.swift */ = {isa = PBXFileReference; lastKnownFileType = sourcecode.swift; path = Constants.swift; sourceTree = "<group>"; };
		645919602A665F8700509B67 /* AuthService.swift */ = {isa = PBXFileReference; lastKnownFileType = sourcecode.swift; path = AuthService.swift; sourceTree = "<group>"; };
		645919622A66A8AE00509B67 /* UserService.swift */ = {isa = PBXFileReference; lastKnownFileType = sourcecode.swift; path = UserService.swift; sourceTree = "<group>"; };
		645919642A66B23900509B67 /* User.swift */ = {isa = PBXFileReference; lastKnownFileType = sourcecode.swift; path = User.swift; sourceTree = "<group>"; };
		645919662A69056100509B67 /* UploadTweetController.swift */ = {isa = PBXFileReference; lastKnownFileType = sourcecode.swift; path = UploadTweetController.swift; sourceTree = "<group>"; };
		645B5EC52A6E434400FDF3DA /* TweetCell.swift */ = {isa = PBXFileReference; fileEncoding = 4; lastKnownFileType = sourcecode.swift; path = TweetCell.swift; sourceTree = "<group>"; };
		645B5EC62A6E434400FDF3DA /* CaptionTextView.swift */ = {isa = PBXFileReference; fileEncoding = 4; lastKnownFileType = sourcecode.swift; path = CaptionTextView.swift; sourceTree = "<group>"; };
		645B5ED12A6E527600FDF3DA /* TweetViewModel.swift */ = {isa = PBXFileReference; lastKnownFileType = sourcecode.swift; name = TweetViewModel.swift; path = iOS_Twitter/ViewModel/TweetViewModel.swift; sourceTree = "<group>"; };
		645B5ED32A6E571600FDF3DA /* ProfileController.swift */ = {isa = PBXFileReference; lastKnownFileType = sourcecode.swift; path = ProfileController.swift; sourceTree = "<group>"; };
		645B5ED52A6E64CF00FDF3DA /* ProfileHeader.swift */ = {isa = PBXFileReference; lastKnownFileType = sourcecode.swift; path = ProfileHeader.swift; sourceTree = "<group>"; };
		645B5ED72A6EA3C000FDF3DA /* ProfileFilterView.swift */ = {isa = PBXFileReference; lastKnownFileType = sourcecode.swift; path = ProfileFilterView.swift; sourceTree = "<group>"; };
		645B5ED92A6F9DF300FDF3DA /* ProfileFilterCell.swift */ = {isa = PBXFileReference; lastKnownFileType = sourcecode.swift; path = ProfileFilterCell.swift; sourceTree = "<group>"; };
		645B5EDB2A6FB9FE00FDF3DA /* ProfileHeaderViewModel.swift */ = {isa = PBXFileReference; lastKnownFileType = sourcecode.swift; name = ProfileHeaderViewModel.swift; path = iOS_Twitter/ViewModel/ProfileHeaderViewModel.swift; sourceTree = "<group>"; };
		645B5F372A79032100FDF3DA /* UserCell.swift */ = {isa = PBXFileReference; lastKnownFileType = sourcecode.swift; path = UserCell.swift; sourceTree = "<group>"; };
		645C51EB2A6E3D330061CB10 /* Tweet.swift */ = {isa = PBXFileReference; lastKnownFileType = sourcecode.swift; path = Tweet.swift; sourceTree = "<group>"; };
		645C51ED2A6E3DA70061CB10 /* TweetService.swift */ = {isa = PBXFileReference; lastKnownFileType = sourcecode.swift; path = TweetService.swift; sourceTree = "<group>"; };
		6499AAD32A7D22B500F7C90C /* TweetController.swift */ = {isa = PBXFileReference; lastKnownFileType = sourcecode.swift; path = TweetController.swift; sourceTree = "<group>"; };
		6499AAD52A7D51AD00F7C90C /* TweetHeader.swift */ = {isa = PBXFileReference; lastKnownFileType = sourcecode.swift; path = TweetHeader.swift; sourceTree = "<group>"; };
		6499AAD72A80CAEA00F7C90C /* UploadTweetViewModel.swift */ = {isa = PBXFileReference; lastKnownFileType = sourcecode.swift; path = UploadTweetViewModel.swift; sourceTree = "<group>"; };
		6499AAE52A81FE8E00F7C90C /* ActionSheetLauncher.swift */ = {isa = PBXFileReference; lastKnownFileType = sourcecode.swift; path = ActionSheetLauncher.swift; sourceTree = "<group>"; };
		6499AAE72A820D7900F7C90C /* ActionSheetCell.swift */ = {isa = PBXFileReference; lastKnownFileType = sourcecode.swift; path = ActionSheetCell.swift; sourceTree = "<group>"; };
		6499AAE92A82151F00F7C90C /* ActionSheetViewModel.swift */ = {isa = PBXFileReference; lastKnownFileType = sourcecode.swift; path = ActionSheetViewModel.swift; sourceTree = "<group>"; };
		A9DAA2526290D5CEFEE9FC7B /* Pods-iOS_Twitter.debug.xcconfig */ = {isa = PBXFileReference; includeInIndex = 1; lastKnownFileType = text.xcconfig; name = "Pods-iOS_Twitter.debug.xcconfig"; path = "Target Support Files/Pods-iOS_Twitter/Pods-iOS_Twitter.debug.xcconfig"; sourceTree = "<group>"; };
		ACE1FA9A71D76CAE3EFC5771 /* Pods-iOS_Twitter.release.xcconfig */ = {isa = PBXFileReference; includeInIndex = 1; lastKnownFileType = text.xcconfig; name = "Pods-iOS_Twitter.release.xcconfig"; path = "Target Support Files/Pods-iOS_Twitter/Pods-iOS_Twitter.release.xcconfig"; sourceTree = "<group>"; };
/* End PBXFileReference section */

/* Begin PBXFrameworksBuildPhase section */
		645919152A5E9DF900509B67 /* Frameworks */ = {
			isa = PBXFrameworksBuildPhase;
			buildActionMask = 2147483647;
			files = (
				33893552938642C5DBE4F698 /* Pods_iOS_Twitter.framework in Frameworks */,
			);
			runOnlyForDeploymentPostprocessing = 0;
		};
/* End PBXFrameworksBuildPhase section */

/* Begin PBXGroup section */
		3024A6C345BA80389E951F38 /* Frameworks */ = {
			isa = PBXGroup;
			children = (
				573DD5ECF5A63C849508022A /* Pods_iOS_Twitter.framework */,
			);
			name = Frameworks;
			sourceTree = "<group>";
		};
		6459190F2A5E9DF900509B67 = {
			isa = PBXGroup;
			children = (
				6459191A2A5E9DF900509B67 /* iOS_Twitter */,
				645919192A5E9DF900509B67 /* Products */,
				A8777B1C838B1B6E46832C8B /* Pods */,
				3024A6C345BA80389E951F38 /* Frameworks */,
			);
			sourceTree = "<group>";
		};
		645919192A5E9DF900509B67 /* Products */ = {
			isa = PBXGroup;
			children = (
				645919182A5E9DF900509B67 /* iOS_Twitter.app */,
			);
			name = Products;
			sourceTree = "<group>";
		};
		6459191A2A5E9DF900509B67 /* iOS_Twitter */ = {
			isa = PBXGroup;
			children = (
				6459191B2A5E9DF900509B67 /* AppDelegate.swift */,
				6459191D2A5E9DF900509B67 /* SceneDelegate.swift */,
				645B5EC42A6E432200FDF3DA /* View */,
				645B5ECB2A6E4A3A00FDF3DA /* ViewModel */,
				645919462A5E9F2800509B67 /* Model */,
				645919442A5E9F2500509B67 /* Controller */,
				645919422A5E9F2100509B67 /* API */,
				645919412A5E9F1E00509B67 /* Utils */,
				645919212A5E9DF900509B67 /* Main.storyboard */,
				645919272A5E9DFB00509B67 /* Assets.xcassets */,
				645919292A5E9DFB00509B67 /* LaunchScreen.storyboard */,
				6459192C2A5E9DFB00509B67 /* Info.plist */,
				645919242A5E9DF900509B67 /* iOS_Twitter.xcdatamodeld */,
				6459195C2A61729700509B67 /* GoogleService-Info.plist */,
			);
			path = iOS_Twitter;
			sourceTree = "<group>";
		};
		645919412A5E9F1E00509B67 /* Utils */ = {
			isa = PBXGroup;
			children = (
				645919512A5EA54100509B67 /* Extensions.swift */,
				645919582A5EF48D00509B67 /* Utilities.swift */,
				6459195E2A65236A00509B67 /* Constants.swift */,
				6499AAE52A81FE8E00F7C90C /* ActionSheetLauncher.swift */,
			);
			path = Utils;
			sourceTree = "<group>";
		};
		645919422A5E9F2100509B67 /* API */ = {
			isa = PBXGroup;
			children = (
				645919602A665F8700509B67 /* AuthService.swift */,
				645919622A66A8AE00509B67 /* UserService.swift */,
				645C51ED2A6E3DA70061CB10 /* TweetService.swift */,
			);
			path = API;
			sourceTree = "<group>";
		};
		645919442A5E9F2500509B67 /* Controller */ = {
			isa = PBXGroup;
			children = (
				645919532A5EE3CF00509B67 /* Authentication */,
				645919472A5E9FBC00509B67 /* MainTabController.swift */,
				645919492A5E9FE600509B67 /* FeedController.swift */,
				6459194B2A5E9FFD00509B67 /* ExploreController.swift */,
				6459194D2A5EA00F00509B67 /* NotificationsController.swift */,
				6459194F2A5EA02400509B67 /* ConversationsController.swift */,
				645919662A69056100509B67 /* UploadTweetController.swift */,
				645B5ED32A6E571600FDF3DA /* ProfileController.swift */,
				6499AAD32A7D22B500F7C90C /* TweetController.swift */,
			);
			path = Controller;
			sourceTree = "<group>";
		};
		645919462A5E9F2800509B67 /* Model */ = {
			isa = PBXGroup;
			children = (
				645919642A66B23900509B67 /* User.swift */,
				645C51EB2A6E3D330061CB10 /* Tweet.swift */,
			);
			path = Model;
			sourceTree = "<group>";
		};
		645919532A5EE3CF00509B67 /* Authentication */ = {
			isa = PBXGroup;
			children = (
				645919542A5EE3F000509B67 /* LoginController.swift */,
				645919562A5EE4CF00509B67 /* RegistrationController.swift */,
			);
			path = Authentication;
			sourceTree = "<group>";
		};
		645B5EC42A6E432200FDF3DA /* View */ = {
			isa = PBXGroup;
			children = (
				645B5EC62A6E434400FDF3DA /* CaptionTextView.swift */,
				645B5EC52A6E434400FDF3DA /* TweetCell.swift */,
				645B5ED52A6E64CF00FDF3DA /* ProfileHeader.swift */,
				645B5ED72A6EA3C000FDF3DA /* ProfileFilterView.swift */,
				645B5ED92A6F9DF300FDF3DA /* ProfileFilterCell.swift */,
				645B5F372A79032100FDF3DA /* UserCell.swift */,
				6499AAD52A7D51AD00F7C90C /* TweetHeader.swift */,
				6499AAE72A820D7900F7C90C /* ActionSheetCell.swift */,
			);
			path = View;
			sourceTree = "<group>";
		};
		645B5ECB2A6E4A3A00FDF3DA /* ViewModel */ = {
			isa = PBXGroup;
			children = (
				645B5ED12A6E527600FDF3DA /* TweetViewModel.swift */,
				645B5EDB2A6FB9FE00FDF3DA /* ProfileHeaderViewModel.swift */,
				6499AAD72A80CAEA00F7C90C /* UploadTweetViewModel.swift */,
				6499AAE92A82151F00F7C90C /* ActionSheetViewModel.swift */,
			);
			name = ViewModel;
			path = ..;
			sourceTree = "<group>";
		};
		A8777B1C838B1B6E46832C8B /* Pods */ = {
			isa = PBXGroup;
			children = (
				A9DAA2526290D5CEFEE9FC7B /* Pods-iOS_Twitter.debug.xcconfig */,
				ACE1FA9A71D76CAE3EFC5771 /* Pods-iOS_Twitter.release.xcconfig */,
			);
			path = Pods;
			sourceTree = "<group>";
		};
/* End PBXGroup section */

/* Begin PBXNativeTarget section */
		645919172A5E9DF900509B67 /* iOS_Twitter */ = {
			isa = PBXNativeTarget;
			buildConfigurationList = 6459192F2A5E9DFB00509B67 /* Build configuration list for PBXNativeTarget "iOS_Twitter" */;
			buildPhases = (
				50E77DE2EFCB5533755EB4EE /* [CP] Check Pods Manifest.lock */,
				645919142A5E9DF900509B67 /* Sources */,
				645919152A5E9DF900509B67 /* Frameworks */,
				645919162A5E9DF900509B67 /* Resources */,
				C9A55E1ABD156DA0805E1BB5 /* [CP] Embed Pods Frameworks */,
			);
			buildRules = (
			);
			dependencies = (
			);
			name = iOS_Twitter;
			productName = iOS_Twitter;
			productReference = 645919182A5E9DF900509B67 /* iOS_Twitter.app */;
			productType = "com.apple.product-type.application";
		};
/* End PBXNativeTarget section */

/* Begin PBXProject section */
		645919102A5E9DF900509B67 /* Project object */ = {
			isa = PBXProject;
			attributes = {
				BuildIndependentTargetsInParallel = 1;
				LastSwiftUpdateCheck = 1430;
				LastUpgradeCheck = 1430;
				TargetAttributes = {
					645919172A5E9DF900509B67 = {
						CreatedOnToolsVersion = 14.3.1;
					};
				};
			};
			buildConfigurationList = 645919132A5E9DF900509B67 /* Build configuration list for PBXProject "iOS_Twitter" */;
			compatibilityVersion = "Xcode 14.0";
			developmentRegion = en;
			hasScannedForEncodings = 0;
			knownRegions = (
				en,
				Base,
			);
			mainGroup = 6459190F2A5E9DF900509B67;
			productRefGroup = 645919192A5E9DF900509B67 /* Products */;
			projectDirPath = "";
			projectRoot = "";
			targets = (
				645919172A5E9DF900509B67 /* iOS_Twitter */,
			);
		};
/* End PBXProject section */

/* Begin PBXResourcesBuildPhase section */
		645919162A5E9DF900509B67 /* Resources */ = {
			isa = PBXResourcesBuildPhase;
			buildActionMask = 2147483647;
			files = (
				6459192B2A5E9DFB00509B67 /* LaunchScreen.storyboard in Resources */,
				6459195D2A61729700509B67 /* GoogleService-Info.plist in Resources */,
				645919282A5E9DFB00509B67 /* Assets.xcassets in Resources */,
				645919232A5E9DF900509B67 /* Main.storyboard in Resources */,
			);
			runOnlyForDeploymentPostprocessing = 0;
		};
/* End PBXResourcesBuildPhase section */

/* Begin PBXShellScriptBuildPhase section */
		50E77DE2EFCB5533755EB4EE /* [CP] Check Pods Manifest.lock */ = {
			isa = PBXShellScriptBuildPhase;
			buildActionMask = 2147483647;
			files = (
			);
			inputFileListPaths = (
			);
			inputPaths = (
				"${PODS_PODFILE_DIR_PATH}/Podfile.lock",
				"${PODS_ROOT}/Manifest.lock",
			);
			name = "[CP] Check Pods Manifest.lock";
			outputFileListPaths = (
			);
			outputPaths = (
				"$(DERIVED_FILE_DIR)/Pods-iOS_Twitter-checkManifestLockResult.txt",
			);
			runOnlyForDeploymentPostprocessing = 0;
			shellPath = /bin/sh;
			shellScript = "diff \"${PODS_PODFILE_DIR_PATH}/Podfile.lock\" \"${PODS_ROOT}/Manifest.lock\" > /dev/null\nif [ $? != 0 ] ; then\n    # print error to STDERR\n    echo \"error: The sandbox is not in sync with the Podfile.lock. Run 'pod install' or update your CocoaPods installation.\" >&2\n    exit 1\nfi\n# This output is used by Xcode 'outputs' to avoid re-running this script phase.\necho \"SUCCESS\" > \"${SCRIPT_OUTPUT_FILE_0}\"\n";
			showEnvVarsInLog = 0;
		};
		C9A55E1ABD156DA0805E1BB5 /* [CP] Embed Pods Frameworks */ = {
			isa = PBXShellScriptBuildPhase;
			buildActionMask = 2147483647;
			files = (
			);
			inputFileListPaths = (
				"${PODS_ROOT}/Target Support Files/Pods-iOS_Twitter/Pods-iOS_Twitter-frameworks-${CONFIGURATION}-input-files.xcfilelist",
			);
			name = "[CP] Embed Pods Frameworks";
			outputFileListPaths = (
				"${PODS_ROOT}/Target Support Files/Pods-iOS_Twitter/Pods-iOS_Twitter-frameworks-${CONFIGURATION}-output-files.xcfilelist",
			);
			runOnlyForDeploymentPostprocessing = 0;
			shellPath = /bin/sh;
			shellScript = "\"${PODS_ROOT}/Target Support Files/Pods-iOS_Twitter/Pods-iOS_Twitter-frameworks.sh\"\n";
			showEnvVarsInLog = 0;
		};
/* End PBXShellScriptBuildPhase section */

/* Begin PBXSourcesBuildPhase section */
		645919142A5E9DF900509B67 /* Sources */ = {
			isa = PBXSourcesBuildPhase;
			buildActionMask = 2147483647;
			files = (
				645919262A5E9DF900509B67 /* iOS_Twitter.xcdatamodeld in Sources */,
				645C51EE2A6E3DA70061CB10 /* TweetService.swift in Sources */,
				645919522A5EA54100509B67 /* Extensions.swift in Sources */,
				6459191C2A5E9DF900509B67 /* AppDelegate.swift in Sources */,
				645C51EC2A6E3D330061CB10 /* Tweet.swift in Sources */,
				645919502A5EA02400509B67 /* ConversationsController.swift in Sources */,
				645919672A69056100509B67 /* UploadTweetController.swift in Sources */,
				6499AAE82A820D7900F7C90C /* ActionSheetCell.swift in Sources */,
				645B5EC72A6E434400FDF3DA /* TweetCell.swift in Sources */,
				645B5ED82A6EA3C000FDF3DA /* ProfileFilterView.swift in Sources */,
				645B5ED62A6E64CF00FDF3DA /* ProfileHeader.swift in Sources */,
				645919652A66B23900509B67 /* User.swift in Sources */,
				645B5EDC2A6FB9FE00FDF3DA /* ProfileHeaderViewModel.swift in Sources */,
				6499AAD62A7D51AD00F7C90C /* TweetHeader.swift in Sources */,
				645B5ED42A6E571600FDF3DA /* ProfileController.swift in Sources */,
				6459194A2A5E9FE600509B67 /* FeedController.swift in Sources */,
				645919552A5EE3F000509B67 /* LoginController.swift in Sources */,
				645919592A5EF48D00509B67 /* Utilities.swift in Sources */,
				645B5EDA2A6F9DF300FDF3DA /* ProfileFilterCell.swift in Sources */,
				645B5ED22A6E527600FDF3DA /* TweetViewModel.swift in Sources */,
				645B5EC82A6E434400FDF3DA /* CaptionTextView.swift in Sources */,
				6499AAD42A7D22B500F7C90C /* TweetController.swift in Sources */,
				6459195F2A65236A00509B67 /* Constants.swift in Sources */,
				6499AAEA2A82151F00F7C90C /* ActionSheetViewModel.swift in Sources */,
				645B5F382A79032100FDF3DA /* UserCell.swift in Sources */,
				645919572A5EE4CF00509B67 /* RegistrationController.swift in Sources */,
				645919482A5E9FBC00509B67 /* MainTabController.swift in Sources */,
				6459194E2A5EA00F00509B67 /* NotificationsController.swift in Sources */,
				645919632A66A8AE00509B67 /* UserService.swift in Sources */,
				6459191E2A5E9DF900509B67 /* SceneDelegate.swift in Sources */,
				6499AAD82A80CAEA00F7C90C /* UploadTweetViewModel.swift in Sources */,
				6499AAE62A81FE8E00F7C90C /* ActionSheetLauncher.swift in Sources */,
				6459194C2A5E9FFD00509B67 /* ExploreController.swift in Sources */,
				645919612A665F8700509B67 /* AuthService.swift in Sources */,
			);
			runOnlyForDeploymentPostprocessing = 0;
		};
/* End PBXSourcesBuildPhase section */

/* Begin PBXVariantGroup section */
		645919212A5E9DF900509B67 /* Main.storyboard */ = {
			isa = PBXVariantGroup;
			children = (
				645919222A5E9DF900509B67 /* Base */,
			);
			name = Main.storyboard;
			sourceTree = "<group>";
		};
		645919292A5E9DFB00509B67 /* LaunchScreen.storyboard */ = {
			isa = PBXVariantGroup;
			children = (
				6459192A2A5E9DFB00509B67 /* Base */,
			);
			name = LaunchScreen.storyboard;
			sourceTree = "<group>";
		};
/* End PBXVariantGroup section */

/* Begin XCBuildConfiguration section */
		6459192D2A5E9DFB00509B67 /* Debug */ = {
			isa = XCBuildConfiguration;
			buildSettings = {
				ALWAYS_SEARCH_USER_PATHS = NO;
				CLANG_ANALYZER_NONNULL = YES;
				CLANG_ANALYZER_NUMBER_OBJECT_CONVERSION = YES_AGGRESSIVE;
				CLANG_CXX_LANGUAGE_STANDARD = "gnu++20";
				CLANG_ENABLE_MODULES = YES;
				CLANG_ENABLE_OBJC_ARC = YES;
				CLANG_ENABLE_OBJC_WEAK = YES;
				CLANG_WARN_BLOCK_CAPTURE_AUTORELEASING = YES;
				CLANG_WARN_BOOL_CONVERSION = YES;
				CLANG_WARN_COMMA = YES;
				CLANG_WARN_CONSTANT_CONVERSION = YES;
				CLANG_WARN_DEPRECATED_OBJC_IMPLEMENTATIONS = YES;
				CLANG_WARN_DIRECT_OBJC_ISA_USAGE = YES_ERROR;
				CLANG_WARN_DOCUMENTATION_COMMENTS = YES;
				CLANG_WARN_EMPTY_BODY = YES;
				CLANG_WARN_ENUM_CONVERSION = YES;
				CLANG_WARN_INFINITE_RECURSION = YES;
				CLANG_WARN_INT_CONVERSION = YES;
				CLANG_WARN_NON_LITERAL_NULL_CONVERSION = YES;
				CLANG_WARN_OBJC_IMPLICIT_RETAIN_SELF = YES;
				CLANG_WARN_OBJC_LITERAL_CONVERSION = YES;
				CLANG_WARN_OBJC_ROOT_CLASS = YES_ERROR;
				CLANG_WARN_QUOTED_INCLUDE_IN_FRAMEWORK_HEADER = YES;
				CLANG_WARN_RANGE_LOOP_ANALYSIS = YES;
				CLANG_WARN_STRICT_PROTOTYPES = YES;
				CLANG_WARN_SUSPICIOUS_MOVE = YES;
				CLANG_WARN_UNGUARDED_AVAILABILITY = YES_AGGRESSIVE;
				CLANG_WARN_UNREACHABLE_CODE = YES;
				CLANG_WARN__DUPLICATE_METHOD_MATCH = YES;
				COPY_PHASE_STRIP = NO;
				DEBUG_INFORMATION_FORMAT = dwarf;
				ENABLE_STRICT_OBJC_MSGSEND = YES;
				ENABLE_TESTABILITY = YES;
				GCC_C_LANGUAGE_STANDARD = gnu11;
				GCC_DYNAMIC_NO_PIC = NO;
				GCC_NO_COMMON_BLOCKS = YES;
				GCC_OPTIMIZATION_LEVEL = 0;
				GCC_PREPROCESSOR_DEFINITIONS = (
					"DEBUG=1",
					"$(inherited)",
				);
				GCC_WARN_64_TO_32_BIT_CONVERSION = YES;
				GCC_WARN_ABOUT_RETURN_TYPE = YES_ERROR;
				GCC_WARN_UNDECLARED_SELECTOR = YES;
				GCC_WARN_UNINITIALIZED_AUTOS = YES_AGGRESSIVE;
				GCC_WARN_UNUSED_FUNCTION = YES;
				GCC_WARN_UNUSED_VARIABLE = YES;
				IPHONEOS_DEPLOYMENT_TARGET = 16.4;
				MTL_ENABLE_DEBUG_INFO = INCLUDE_SOURCE;
				MTL_FAST_MATH = YES;
				ONLY_ACTIVE_ARCH = YES;
				SDKROOT = iphoneos;
				SWIFT_ACTIVE_COMPILATION_CONDITIONS = DEBUG;
				SWIFT_OPTIMIZATION_LEVEL = "-Onone";
			};
			name = Debug;
		};
		6459192E2A5E9DFB00509B67 /* Release */ = {
			isa = XCBuildConfiguration;
			buildSettings = {
				ALWAYS_SEARCH_USER_PATHS = NO;
				CLANG_ANALYZER_NONNULL = YES;
				CLANG_ANALYZER_NUMBER_OBJECT_CONVERSION = YES_AGGRESSIVE;
				CLANG_CXX_LANGUAGE_STANDARD = "gnu++20";
				CLANG_ENABLE_MODULES = YES;
				CLANG_ENABLE_OBJC_ARC = YES;
				CLANG_ENABLE_OBJC_WEAK = YES;
				CLANG_WARN_BLOCK_CAPTURE_AUTORELEASING = YES;
				CLANG_WARN_BOOL_CONVERSION = YES;
				CLANG_WARN_COMMA = YES;
				CLANG_WARN_CONSTANT_CONVERSION = YES;
				CLANG_WARN_DEPRECATED_OBJC_IMPLEMENTATIONS = YES;
				CLANG_WARN_DIRECT_OBJC_ISA_USAGE = YES_ERROR;
				CLANG_WARN_DOCUMENTATION_COMMENTS = YES;
				CLANG_WARN_EMPTY_BODY = YES;
				CLANG_WARN_ENUM_CONVERSION = YES;
				CLANG_WARN_INFINITE_RECURSION = YES;
				CLANG_WARN_INT_CONVERSION = YES;
				CLANG_WARN_NON_LITERAL_NULL_CONVERSION = YES;
				CLANG_WARN_OBJC_IMPLICIT_RETAIN_SELF = YES;
				CLANG_WARN_OBJC_LITERAL_CONVERSION = YES;
				CLANG_WARN_OBJC_ROOT_CLASS = YES_ERROR;
				CLANG_WARN_QUOTED_INCLUDE_IN_FRAMEWORK_HEADER = YES;
				CLANG_WARN_RANGE_LOOP_ANALYSIS = YES;
				CLANG_WARN_STRICT_PROTOTYPES = YES;
				CLANG_WARN_SUSPICIOUS_MOVE = YES;
				CLANG_WARN_UNGUARDED_AVAILABILITY = YES_AGGRESSIVE;
				CLANG_WARN_UNREACHABLE_CODE = YES;
				CLANG_WARN__DUPLICATE_METHOD_MATCH = YES;
				COPY_PHASE_STRIP = NO;
				DEBUG_INFORMATION_FORMAT = "dwarf-with-dsym";
				ENABLE_NS_ASSERTIONS = NO;
				ENABLE_STRICT_OBJC_MSGSEND = YES;
				GCC_C_LANGUAGE_STANDARD = gnu11;
				GCC_NO_COMMON_BLOCKS = YES;
				GCC_WARN_64_TO_32_BIT_CONVERSION = YES;
				GCC_WARN_ABOUT_RETURN_TYPE = YES_ERROR;
				GCC_WARN_UNDECLARED_SELECTOR = YES;
				GCC_WARN_UNINITIALIZED_AUTOS = YES_AGGRESSIVE;
				GCC_WARN_UNUSED_FUNCTION = YES;
				GCC_WARN_UNUSED_VARIABLE = YES;
				IPHONEOS_DEPLOYMENT_TARGET = 16.4;
				MTL_ENABLE_DEBUG_INFO = NO;
				MTL_FAST_MATH = YES;
				SDKROOT = iphoneos;
				SWIFT_COMPILATION_MODE = wholemodule;
				SWIFT_OPTIMIZATION_LEVEL = "-O";
				VALIDATE_PRODUCT = YES;
			};
			name = Release;
		};
		645919302A5E9DFB00509B67 /* Debug */ = {
			isa = XCBuildConfiguration;
			baseConfigurationReference = A9DAA2526290D5CEFEE9FC7B /* Pods-iOS_Twitter.debug.xcconfig */;
			buildSettings = {
				ASSETCATALOG_COMPILER_APPICON_NAME = AppIcon;
				ASSETCATALOG_COMPILER_GLOBAL_ACCENT_COLOR_NAME = AccentColor;
				CODE_SIGN_STYLE = Automatic;
				CURRENT_PROJECT_VERSION = 1;
				DEVELOPMENT_TEAM = 5KA6J79S24;
				GENERATE_INFOPLIST_FILE = YES;
				INFOPLIST_FILE = iOS_Twitter/Info.plist;
				INFOPLIST_KEY_UIApplicationSupportsIndirectInputEvents = YES;
				INFOPLIST_KEY_UILaunchStoryboardName = LaunchScreen;
				INFOPLIST_KEY_UIMainStoryboardFile = Main;
				INFOPLIST_KEY_UISupportedInterfaceOrientations_iPad = "UIInterfaceOrientationPortrait UIInterfaceOrientationPortraitUpsideDown UIInterfaceOrientationLandscapeLeft UIInterfaceOrientationLandscapeRight";
				INFOPLIST_KEY_UISupportedInterfaceOrientations_iPhone = "UIInterfaceOrientationPortrait UIInterfaceOrientationLandscapeLeft UIInterfaceOrientationLandscapeRight";
				LD_RUNPATH_SEARCH_PATHS = (
					"$(inherited)",
					"@executable_path/Frameworks",
				);
				MARKETING_VERSION = 1.0;
				PRODUCT_BUNDLE_IDENTIFIER = "com.woogie.iOS-Twitter";
				PRODUCT_NAME = "$(TARGET_NAME)";
				SWIFT_EMIT_LOC_STRINGS = YES;
				SWIFT_VERSION = 5.0;
				TARGETED_DEVICE_FAMILY = "1,2";
			};
			name = Debug;
		};
		645919312A5E9DFB00509B67 /* Release */ = {
			isa = XCBuildConfiguration;
			baseConfigurationReference = ACE1FA9A71D76CAE3EFC5771 /* Pods-iOS_Twitter.release.xcconfig */;
			buildSettings = {
				ASSETCATALOG_COMPILER_APPICON_NAME = AppIcon;
				ASSETCATALOG_COMPILER_GLOBAL_ACCENT_COLOR_NAME = AccentColor;
				CODE_SIGN_STYLE = Automatic;
				CURRENT_PROJECT_VERSION = 1;
				DEVELOPMENT_TEAM = 5KA6J79S24;
				GENERATE_INFOPLIST_FILE = YES;
				INFOPLIST_FILE = iOS_Twitter/Info.plist;
				INFOPLIST_KEY_UIApplicationSupportsIndirectInputEvents = YES;
				INFOPLIST_KEY_UILaunchStoryboardName = LaunchScreen;
				INFOPLIST_KEY_UIMainStoryboardFile = Main;
				INFOPLIST_KEY_UISupportedInterfaceOrientations_iPad = "UIInterfaceOrientationPortrait UIInterfaceOrientationPortraitUpsideDown UIInterfaceOrientationLandscapeLeft UIInterfaceOrientationLandscapeRight";
				INFOPLIST_KEY_UISupportedInterfaceOrientations_iPhone = "UIInterfaceOrientationPortrait UIInterfaceOrientationLandscapeLeft UIInterfaceOrientationLandscapeRight";
				LD_RUNPATH_SEARCH_PATHS = (
					"$(inherited)",
					"@executable_path/Frameworks",
				);
				MARKETING_VERSION = 1.0;
				PRODUCT_BUNDLE_IDENTIFIER = "com.woogie.iOS-Twitter";
				PRODUCT_NAME = "$(TARGET_NAME)";
				SWIFT_EMIT_LOC_STRINGS = YES;
				SWIFT_VERSION = 5.0;
				TARGETED_DEVICE_FAMILY = "1,2";
			};
			name = Release;
		};
/* End XCBuildConfiguration section */

/* Begin XCConfigurationList section */
		645919132A5E9DF900509B67 /* Build configuration list for PBXProject "iOS_Twitter" */ = {
			isa = XCConfigurationList;
			buildConfigurations = (
				6459192D2A5E9DFB00509B67 /* Debug */,
				6459192E2A5E9DFB00509B67 /* Release */,
			);
			defaultConfigurationIsVisible = 0;
			defaultConfigurationName = Release;
		};
		6459192F2A5E9DFB00509B67 /* Build configuration list for PBXNativeTarget "iOS_Twitter" */ = {
			isa = XCConfigurationList;
			buildConfigurations = (
				645919302A5E9DFB00509B67 /* Debug */,
				645919312A5E9DFB00509B67 /* Release */,
			);
			defaultConfigurationIsVisible = 0;
			defaultConfigurationName = Release;
		};
/* End XCConfigurationList section */

/* Begin XCVersionGroup section */
		645919242A5E9DF900509B67 /* iOS_Twitter.xcdatamodeld */ = {
			isa = XCVersionGroup;
			children = (
				645919252A5E9DF900509B67 /* iOS_Twitter.xcdatamodel */,
			);
			currentVersion = 645919252A5E9DF900509B67 /* iOS_Twitter.xcdatamodel */;
			path = iOS_Twitter.xcdatamodeld;
			sourceTree = "<group>";
			versionGroupType = wrapper.xcdatamodel;
		};
/* End XCVersionGroup section */
	};
	rootObject = 645919102A5E9DF900509B67 /* Project object */;
}
